{
  "version": 4,
  "terraform_version": "1.7.5",
  "serial": 126,
  "lineage": "cef7bd5c-cefa-66ef-2765-1bdfa378c1d9",
  "outputs": {
    "rg_ids": {
      "value": [
        "/subscriptions/5e2b857b-b03f-4b45-9727-7f26004b8047/resourceGroups/geomeoso_research_dev_rg",
        "/subscriptions/5e2b857b-b03f-4b45-9727-7f26004b8047/resourceGroups/geomeoso_research_staging_rg",
        "/subscriptions/5e2b857b-b03f-4b45-9727-7f26004b8047/resourceGroups/geomeoso_research_prod_rg"
      ],
      "type": [
        "tuple",
        [
          "string",
          "string",
          "string"
        ]
      ]
    }
  },
  "resources": [
    {
      "mode": "managed",
      "type": "azurerm_resource_group",
      "name": "rgs",
      "provider": "provider[\"registry.terraform.io/hashicorp/azurerm\"]",
      "instances": [
        {
          "index_key": 0,
          "schema_version": 0,
          "attributes": {
            "id": "/subscriptions/5e2b857b-b03f-4b45-9727-7f26004b8047/resourceGroups/geomeoso_research_dev_rg",
            "location": "westus2",
            "name": "geomeoso_research_dev_rg",
            "tags": {
              "cost_center": "geomeoso research"
            },
            "timeouts": null
          },
          "sensitive_attributes": [],
          "private": "eyJlMmJmYjczMC1lY2FhLTExZTYtOGY4OC0zNDM2M2JjN2M0YzAiOnsiY3JlYXRlIjo1NDAwMDAwMDAwMDAwLCJkZWxldGUiOjU0MDAwMDAwMDAwMDAsInJlYWQiOjMwMDAwMDAwMDAwMCwidXBkYXRlIjo1NDAwMDAwMDAwMDAwfX0="
        },
        {
          "index_key": 1,
          "schema_version": 0,
          "attributes": {
            "id": "/subscriptions/5e2b857b-b03f-4b45-9727-7f26004b8047/resourceGroups/geomeoso_research_staging_rg",
            "location": "westus2",
            "name": "geomeoso_research_staging_rg",
            "tags": {
              "cost_center": "geomeoso research"
            },
            "timeouts": null
          },
          "sensitive_attributes": [],
          "private": "eyJlMmJmYjczMC1lY2FhLTExZTYtOGY4OC0zNDM2M2JjN2M0YzAiOnsiY3JlYXRlIjo1NDAwMDAwMDAwMDAwLCJkZWxldGUiOjU0MDAwMDAwMDAwMDAsInJlYWQiOjMwMDAwMDAwMDAwMCwidXBkYXRlIjo1NDAwMDAwMDAwMDAwfX0="
        },
        {
          "index_key": 2,
          "schema_version": 0,
          "attributes": {
            "id": "/subscriptions/5e2b857b-b03f-4b45-9727-7f26004b8047/resourceGroups/geomeoso_research_prod_rg",
            "location": "westus2",
            "name": "geomeoso_research_prod_rg",
            "tags": {
              "cost_center": "geomeoso research"
            },
            "timeouts": null
          },
          "sensitive_attributes": [],
          "private": "eyJlMmJmYjczMC1lY2FhLTExZTYtOGY4OC0zNDM2M2JjN2M0YzAiOnsiY3JlYXRlIjo1NDAwMDAwMDAwMDAwLCJkZWxldGUiOjU0MDAwMDAwMDAwMDAsInJlYWQiOjMwMDAwMDAwMDAwMCwidXBkYXRlIjo1NDAwMDAwMDAwMDAwfX0="
        }
      ]
    },
    {
      "mode": "managed",
      "type": "azurerm_virtual_network",
      "name": "vnets",
      "provider": "provider[\"registry.terraform.io/hashicorp/azurerm\"]",
      "instances": [
        {
          "index_key": 2,
          "schema_version": 0,
          "attributes": {
            "address_space": [
              "10.10.2.0/24"
            ],
            "bgp_community": "",
            "ddos_protection_plan": [],
            "dns_servers": [],
            "edge_zone": "",
            "flow_timeout_in_minutes": 0,
            "guid": "1b948a67-23ee-41ee-9eef-815e5d16e35c",
            "id": "/subscriptions/5e2b857b-b03f-4b45-9727-7f26004b8047/resourceGroups/geomeoso_research_prod_rg/providers/Microsoft.Network/virtualNetworks/prod_vnet",
            "location": "westus2",
            "name": "prod_vnet",
            "resource_group_name": "geomeoso_research_prod_rg",
            "subnet": [],
            "tags": {},
            "timeouts": null
          },
          "sensitive_attributes": [],
          "private": "eyJlMmJmYjczMC1lY2FhLTExZTYtOGY4OC0zNDM2M2JjN2M0YzAiOnsiY3JlYXRlIjoxODAwMDAwMDAwMDAwLCJkZWxldGUiOjE4MDAwMDAwMDAwMDAsInJlYWQiOjMwMDAwMDAwMDAwMCwidXBkYXRlIjoxODAwMDAwMDAwMDAwfX0=",
          "dependencies": [
            "azurerm_resource_group.rgs"
          ]
        }
      ]
    }
  ],
  "check_results": null
}
