{
  "version": 4,
  "terraform_version": "1.7.5",
  "serial": 35,
  "lineage": "cef7bd5c-cefa-66ef-2765-1bdfa378c1d9",
  "outputs": {
    "geomeoso_dev_rg_id": {
      "value": "/subscriptions/5e2b857b-b03f-4b45-9727-7f26004b8047/resourceGroups/geomeoso_dev_rg",
      "type": "string"
    },
    "geomeoso_rg_id": {
      "value": "/subscriptions/5e2b857b-b03f-4b45-9727-7f26004b8047/resourceGroups/geomeoso_rg",
      "type": "string",
      "sensitive": true
    }
  },
  "resources": [
    {
      "mode": "managed",
      "type": "azurerm_resource_group",
      "name": "geomeoso_dev_rg",
      "provider": "provider[\"registry.terraform.io/hashicorp/azurerm\"]",
      "instances": [
        {
          "schema_version": 0,
          "attributes": {
            "id": "/subscriptions/5e2b857b-b03f-4b45-9727-7f26004b8047/resourceGroups/geomeoso_dev_rg",
            "location": "westus2",
            "name": "geomeoso_dev_rg",
            "tags": {
              "cost_center": "Pauls wallet / geomeoso research"
            },
            "timeouts": null
          },
          "sensitive_attributes": [],
          "private": "eyJlMmJmYjczMC1lY2FhLTExZTYtOGY4OC0zNDM2M2JjN2M0YzAiOnsiY3JlYXRlIjo1NDAwMDAwMDAwMDAwLCJkZWxldGUiOjU0MDAwMDAwMDAwMDAsInJlYWQiOjMwMDAwMDAwMDAwMCwidXBkYXRlIjo1NDAwMDAwMDAwMDAwfX0="
        }
      ]
    },
    {
      "mode": "managed",
      "type": "azurerm_resource_group",
      "name": "geomeoso_rg",
      "provider": "provider[\"registry.terraform.io/hashicorp/azurerm\"]",
      "instances": [
        {
          "schema_version": 0,
          "attributes": {
            "id": "/subscriptions/5e2b857b-b03f-4b45-9727-7f26004b8047/resourceGroups/geomeoso_rg",
            "location": "westus2",
            "name": "geomeoso_rg",
            "tags": {
              "cost_center": "Pauls wallet / geomeoso research"
            },
            "timeouts": null
          },
          "sensitive_attributes": [],
          "private": "eyJlMmJmYjczMC1lY2FhLTExZTYtOGY4OC0zNDM2M2JjN2M0YzAiOnsiY3JlYXRlIjo1NDAwMDAwMDAwMDAwLCJkZWxldGUiOjU0MDAwMDAwMDAwMDAsInJlYWQiOjMwMDAwMDAwMDAwMCwidXBkYXRlIjo1NDAwMDAwMDAwMDAwfX0="
        }
      ]
    }
  ],
  "check_results": null
}
