{
  "version": 4,
  "terraform_version": "1.7.5",
  "serial": 208,
  "lineage": "cef7bd5c-cefa-66ef-2765-1bdfa378c1d9",
  "outputs": {
    "resource_groups": {
      "value": [
        "/subscriptions/5e2b857b-b03f-4b45-9727-7f26004b8047/resourceGroups/geomeoso_research_dev_rg",
        "/subscriptions/5e2b857b-b03f-4b45-9727-7f26004b8047/resourceGroups/geomeoso_research_staging_rg",
        "/subscriptions/5e2b857b-b03f-4b45-9727-7f26004b8047/resourceGroups/geomeoso_research_prod_rg"
      ],
      "type": [
        "tuple",
        [
          "string",
          "string",
          "string"
        ]
      ]
    },
    "vnets": {
      "value": [
        "/subscriptions/5e2b857b-b03f-4b45-9727-7f26004b8047/resourceGroups/geomeoso_research_dev_rg/providers/Microsoft.Network/virtualNetworks/gmdev_vnet",
        "/subscriptions/5e2b857b-b03f-4b45-9727-7f26004b8047/resourceGroups/geomeoso_research_staging_rg/providers/Microsoft.Network/virtualNetworks/gmstaging_vnet",
        "/subscriptions/5e2b857b-b03f-4b45-9727-7f26004b8047/resourceGroups/geomeoso_research_prod_rg/providers/Microsoft.Network/virtualNetworks/gmprod_vnet"
      ],
      "type": [
        "tuple",
        [
          "string",
          "string",
          "string"
        ]
      ]
    }
  },
  "resources": [
    {
      "module": "module.connectedrg",
      "mode": "managed",
      "type": "azurerm_resource_group",
      "name": "rgs",
      "provider": "provider[\"registry.terraform.io/hashicorp/azurerm\"]",
      "instances": [
        {
          "index_key": 0,
          "schema_version": 0,
          "attributes": {
            "id": "/subscriptions/5e2b857b-b03f-4b45-9727-7f26004b8047/resourceGroups/geomeoso_research_dev_rg",
            "location": "westus2",
            "name": "geomeoso_research_dev_rg",
            "tags": {
              "company": "geomeoso research"
            },
            "timeouts": null
          },
          "sensitive_attributes": [],
          "private": "eyJlMmJmYjczMC1lY2FhLTExZTYtOGY4OC0zNDM2M2JjN2M0YzAiOnsiY3JlYXRlIjo1NDAwMDAwMDAwMDAwLCJkZWxldGUiOjU0MDAwMDAwMDAwMDAsInJlYWQiOjMwMDAwMDAwMDAwMCwidXBkYXRlIjo1NDAwMDAwMDAwMDAwfX0="
        },
        {
          "index_key": 1,
          "schema_version": 0,
          "attributes": {
            "id": "/subscriptions/5e2b857b-b03f-4b45-9727-7f26004b8047/resourceGroups/geomeoso_research_staging_rg",
            "location": "westus2",
            "name": "geomeoso_research_staging_rg",
            "tags": {
              "company": "geomeoso research"
            },
            "timeouts": null
          },
          "sensitive_attributes": [],
          "private": "eyJlMmJmYjczMC1lY2FhLTExZTYtOGY4OC0zNDM2M2JjN2M0YzAiOnsiY3JlYXRlIjo1NDAwMDAwMDAwMDAwLCJkZWxldGUiOjU0MDAwMDAwMDAwMDAsInJlYWQiOjMwMDAwMDAwMDAwMCwidXBkYXRlIjo1NDAwMDAwMDAwMDAwfX0="
        },
        {
          "index_key": 2,
          "schema_version": 0,
          "attributes": {
            "id": "/subscriptions/5e2b857b-b03f-4b45-9727-7f26004b8047/resourceGroups/geomeoso_research_prod_rg",
            "location": "westus2",
            "name": "geomeoso_research_prod_rg",
            "tags": {
              "company": "geomeoso research"
            },
            "timeouts": null
          },
          "sensitive_attributes": [],
          "private": "eyJlMmJmYjczMC1lY2FhLTExZTYtOGY4OC0zNDM2M2JjN2M0YzAiOnsiY3JlYXRlIjo1NDAwMDAwMDAwMDAwLCJkZWxldGUiOjU0MDAwMDAwMDAwMDAsInJlYWQiOjMwMDAwMDAwMDAwMCwidXBkYXRlIjo1NDAwMDAwMDAwMDAwfX0="
        }
      ]
    },
    {
      "module": "module.connectedrg",
      "mode": "managed",
      "type": "azurerm_virtual_network",
      "name": "vnets",
      "provider": "provider[\"registry.terraform.io/hashicorp/azurerm\"]",
      "instances": [
        {
          "index_key": 0,
          "schema_version": 0,
          "attributes": {
            "address_space": [
              "10.10.0.0/24"
            ],
            "bgp_community": "",
            "ddos_protection_plan": [],
            "dns_servers": [],
            "edge_zone": "",
            "flow_timeout_in_minutes": 0,
            "guid": "163922e5-7eff-4099-b8ec-6197054d2657",
            "id": "/subscriptions/5e2b857b-b03f-4b45-9727-7f26004b8047/resourceGroups/geomeoso_research_dev_rg/providers/Microsoft.Network/virtualNetworks/gmdev_vnet",
            "location": "westus2",
            "name": "gmdev_vnet",
            "resource_group_name": "geomeoso_research_dev_rg",
            "subnet": [],
            "tags": null,
            "timeouts": null
          },
          "sensitive_attributes": [],
          "private": "eyJlMmJmYjczMC1lY2FhLTExZTYtOGY4OC0zNDM2M2JjN2M0YzAiOnsiY3JlYXRlIjoxODAwMDAwMDAwMDAwLCJkZWxldGUiOjE4MDAwMDAwMDAwMDAsInJlYWQiOjMwMDAwMDAwMDAwMCwidXBkYXRlIjoxODAwMDAwMDAwMDAwfX0=",
          "dependencies": [
            "module.connectedrg.azurerm_resource_group.rgs"
          ]
        },
        {
          "index_key": 1,
          "schema_version": 0,
          "attributes": {
            "address_space": [
              "10.10.1.0/24"
            ],
            "bgp_community": "",
            "ddos_protection_plan": [],
            "dns_servers": [],
            "edge_zone": "",
            "flow_timeout_in_minutes": 0,
            "guid": "8418181d-791f-48cd-bbe6-aabac95b8d83",
            "id": "/subscriptions/5e2b857b-b03f-4b45-9727-7f26004b8047/resourceGroups/geomeoso_research_staging_rg/providers/Microsoft.Network/virtualNetworks/gmstaging_vnet",
            "location": "westus2",
            "name": "gmstaging_vnet",
            "resource_group_name": "geomeoso_research_staging_rg",
            "subnet": [],
            "tags": null,
            "timeouts": null
          },
          "sensitive_attributes": [],
          "private": "eyJlMmJmYjczMC1lY2FhLTExZTYtOGY4OC0zNDM2M2JjN2M0YzAiOnsiY3JlYXRlIjoxODAwMDAwMDAwMDAwLCJkZWxldGUiOjE4MDAwMDAwMDAwMDAsInJlYWQiOjMwMDAwMDAwMDAwMCwidXBkYXRlIjoxODAwMDAwMDAwMDAwfX0=",
          "dependencies": [
            "module.connectedrg.azurerm_resource_group.rgs"
          ]
        },
        {
          "index_key": 2,
          "schema_version": 0,
          "attributes": {
            "address_space": [
              "10.10.2.0/24"
            ],
            "bgp_community": "",
            "ddos_protection_plan": [],
            "dns_servers": [],
            "edge_zone": "",
            "flow_timeout_in_minutes": 0,
            "guid": "cae4e287-5c3a-46fc-9f82-3a4efe5ba91c",
            "id": "/subscriptions/5e2b857b-b03f-4b45-9727-7f26004b8047/resourceGroups/geomeoso_research_prod_rg/providers/Microsoft.Network/virtualNetworks/gmprod_vnet",
            "location": "westus2",
            "name": "gmprod_vnet",
            "resource_group_name": "geomeoso_research_prod_rg",
            "subnet": [],
            "tags": null,
            "timeouts": null
          },
          "sensitive_attributes": [],
          "private": "eyJlMmJmYjczMC1lY2FhLTExZTYtOGY4OC0zNDM2M2JjN2M0YzAiOnsiY3JlYXRlIjoxODAwMDAwMDAwMDAwLCJkZWxldGUiOjE4MDAwMDAwMDAwMDAsInJlYWQiOjMwMDAwMDAwMDAwMCwidXBkYXRlIjoxODAwMDAwMDAwMDAwfX0=",
          "dependencies": [
            "module.connectedrg.azurerm_resource_group.rgs"
          ]
        }
      ]
    }
  ],
  "check_results": null
}
